PODS:
  - abrevva (2.0.0):
    - AbrevvaSDK (= 3.4.2)
    - Flutter
  - AbrevvaSDK (3.4.2):
    - CocoaMQTT
    - CryptoSwift
  - CocoaMQTT (2.2.3):
    - CocoaMQTT/Core (= 2.2.3)
  - CocoaMQTT/Core (2.2.3):
    - MqttCocoaAsyncSocket (~> 1.0.8)
  - CryptoSwift (1.8.4)
  - CwlCatchException (2.2.1):
    - CwlCatchExceptionSupport (~> 2.2.1)
  - CwlCatchExceptionSupport (2.2.1)
  - CwlMachBadInstructionHandler (2.2.2)
  - CwlPosixPreconditionTesting (2.2.2)
  - CwlPreconditionTesting (2.2.2):
    - CwlCatchException (~> 2.2.1)
    - CwlMachBadInstructionHandler (~> 2.2.2)
    - CwlPosixPreconditionTesting (~> 2.2.2)
  - Flutter (1.0.0)
  - MqttCocoaAsyncSocket (1.0.8)
  - Nimble (14.0.0):
    - CwlPreconditionTesting (~> 2.2.0)
  - permission_handler_apple (9.3.0):
    - Flutter
  - Quick (7.6.2)
  - SwiftFormat/CLI (0.60.1)
  - SwiftLint (0.54.0)

DEPENDENCIES:
  - abrevva (from `.symlinks/plugins/abrevva/ios`)
  - Flutter (from `Flutter`)
  - Nimble
  - permission_handler_apple (from `.symlinks/plugins/permission_handler_apple/ios`)
  - Quick
  - SwiftFormat/CLI (~> 0.49)
  - SwiftLint (~> 0.54.0)

SPEC REPOS:
  trunk:
    - AbrevvaSDK
    - CocoaMQTT
    - CryptoSwift
    - CwlCatchException
    - CwlCatchExceptionSupport
    - CwlMachBadInstructionHandler
    - CwlPosixPreconditionTesting
    - CwlPreconditionTesting
    - MqttCocoaAsyncSocket
    - Nimble
    - Quick
    - SwiftFormat
    - SwiftLint

EXTERNAL SOURCES:
  abrevva:
    :path: ".symlinks/plugins/abrevva/ios"
  Flutter:
    :path: Flutter
  permission_handler_apple:
    :path: ".symlinks/plugins/permission_handler_apple/ios"

SPEC CHECKSUMS:
  abrevva: dff9c694954c3c6dcbdb5584999bed3d55999671
  AbrevvaSDK: aa2c9cbd1a07717519476eae4fb4f69834c5fa3a
  CocoaMQTT: 2889e233a2427ed012d67c9f50c91053f7c1faf6
  CryptoSwift: e64e11850ede528a02a0f3e768cec8e9d92ecb90
  CwlCatchException: 7acc161b299a6de7f0a46a6ed741eae2c8b4d75a
  CwlCatchExceptionSupport: 54ccab8d8c78907b57f99717fb19d4cc3bce02dc
  CwlMachBadInstructionHandler: dae4fdd124d45c9910ac240287cc7b898f4502a1
  CwlPosixPreconditionTesting: ecd095aa2129e740b44301c34571e8d85906fb88
  CwlPreconditionTesting: 67a0047dd4de4382b93442c0e3f25207f984f35a
  Flutter: cabc95a1d2626b1b06e7179b784ebcf0c0cde467
  MqttCocoaAsyncSocket: 77d3b74f76228dd5a05d1f9526eab101d415b30c
  Nimble: fcfcaab1cca78e301543f78669d70c166b4fadc3
  permission_handler_apple: 4ed2196e43d0651e8ff7ca3483a069d469701f2d
  Quick: b8bec97cd4b9f21da0472d45580f763b801fc353
  SwiftFormat: d32a8ff584c3e08fb5b0eb7f5dc610e02067df53
  SwiftLint: c1de071d9d08c8aba837545f6254315bc900e211

PODFILE CHECKSUM: 6fd47a90073084ee862e7cddefc49f8d375b687c

COCOAPODS: 1.16.2
